
Microsoft Visual Studio Solution File, Format Version 12.00
# Visual Studio 14
VisualStudioVersion = 14.0.25420.1
MinimumVisualStudioVersion = 10.0.40219.1
Project("{FAE04EC0-301F-11D3-BF4B-00C04F79EFBC}") = "Sudoku.UI", "Sudoku.UI\Sudoku.UI.csproj", "{EF31C66A-48D0-47B6-8355-120DBE1C8156}"
EndProject
Project("{FAE04EC0-301F-11D3-BF4B-00C04F79EFBC}") = "Sudoku.Algorithms", "Sudoku.Algorithms\Sudoku.Algorithms.csproj", "{D92B0475-8ECF-4992-B3CE-351189DDF6CA}"
EndProject
Project("{FAE04EC0-301F-11D3-BF4B-00C04F79EFBC}") = "Sudoku.UnitTests", "Sudoku.UnitTests\Sudoku.UnitTests.csproj", "{C3BF9F67-530C-4452-8A96-9F6962A864A4}"
EndProject
Global
	GlobalSection(SolutionConfigurationPlatforms) = preSolution
		Debug|Any CPU = Debug|Any CPU
		Release|Any CPU = Release|Any CPU
	EndGlobalSection
	GlobalSection(ProjectConfigurationPlatforms) = postSolution
		{EF31C66A-48D0-47B6-8355-120DBE1C8156}.Debug|Any CPU.ActiveCfg = Debug|Any CPU
		{EF31C66A-48D0-47B6-8355-120DBE1C8156}.Debug|Any CPU.Build.0 = Debug|Any CPU
		{EF31C66A-48D0-47B6-8355-120DBE1C8156}.Release|Any CPU.ActiveCfg = Release|Any CPU
		{EF31C66A-48D0-47B6-8355-120DBE1C8156}.Release|Any CPU.Build.0 = Release|Any CPU
		{D92B0475-8ECF-4992-B3CE-351189DDF6CA}.Debug|Any CPU.ActiveCfg = Debug|Any CPU
		{D92B0475-8ECF-4992-B3CE-351189DDF6CA}.Debug|Any CPU.Build.0 = Debug|Any CPU
		{D92B0475-8ECF-4992-B3CE-351189DDF6CA}.Release|Any CPU.ActiveCfg = Release|Any CPU
		{D92B0475-8ECF-4992-B3CE-351189DDF6CA}.Release|Any CPU.Build.0 = Release|Any CPU
		{C3BF9F67-530C-4452-8A96-9F6962A864A4}.Debug|Any CPU.ActiveCfg = Debug|Any CPU
		{C3BF9F67-530C-4452-8A96-9F6962A864A4}.Debug|Any CPU.Build.0 = Debug|Any CPU
		{C3BF9F67-530C-4452-8A96-9F6962A864A4}.Release|Any CPU.ActiveCfg = Release|Any CPU
		{C3BF9F67-530C-4452-8A96-9F6962A864A4}.Release|Any CPU.Build.0 = Release|Any CPU
	EndGlobalSection
	GlobalSection(SolutionProperties) = preSolution
		HideSolutionNode = FALSE
	EndGlobalSection
EndGlobal
